
Microsoft Visual Studio Solution File, Format Version 12.00
# Visual Studio Version 16
VisualStudioVersion = 16.0.31019.35
MinimumVisualStudioVersion = 10.0.40219.1
Project("{FAE04EC0-301F-11D3-BF4B-00C04F79EFBC}") = "Lab2_true", "Lab2_true.csproj", "{99E50318-9F49-4DB9-936B-4984F754DE1C}"
EndProject
Global
	GlobalSection(SolutionConfigurationPlatforms) = preSolution
		Debug|Any CPU = Debug|Any CPU
		Release|Any CPU = Release|Any CPU
	EndGlobalSection
	GlobalSection(ProjectConfigurationPlatforms) = postSolution
		{99E50318-9F49-4DB9-936B-4984F754DE1C}.Debug|Any CPU.ActiveCfg = Debug|Any CPU
		{99E50318-9F49-4DB9-936B-4984F754DE1C}.Debug|Any CPU.Build.0 = Debug|Any CPU
		{99E50318-9F49-4DB9-936B-4984F754DE1C}.Release|Any CPU.ActiveCfg = Release|Any CPU
		{99E50318-9F49-4DB9-936B-4984F754DE1C}.Release|Any CPU.Build.0 = Release|Any CPU
	EndGlobalSection
	GlobalSection(SolutionProperties) = preSolution
		HideSolutionNode = FALSE
	EndGlobalSection
	GlobalSection(ExtensibilityGlobals) = postSolution
		SolutionGuid = {D181089B-DE1B-4A52-85BF-61377122823B}
	EndGlobalSection
EndGlobal
